
Microsoft Visual Studio Solution File, Format Version 12.00
# Visual Studio Version 16
VisualStudioVersion = 16.0.32228.343
MinimumVisualStudioVersion = 10.0.40219.1
Project("{2150E333-8FDC-42A3-9474-1A3956D46DE8}") = "Sample", "Sample", "{759B0C3D-93A7-4449-B7AC-517EF6095EFA}"
EndProject
Project("{FAE04EC0-301F-11D3-BF4B-00C04F79EFBC}") = "ConsoleApp0411", "Sample\ConsoleApp0411\ConsoleApp0411.csproj", "{B4E6D15A-019A-45F0-B78A-E9B789028599}"
EndProject
Project("{FAE04EC0-301F-11D3-BF4B-00C04F79EFBC}") = "WindowsFormsApp1", "Sample\WindowsFormsApp1\WindowsFormsApp1.csproj", "{F3B46312-6626-4AEB-824F-F2BA808C82B1}"
EndProject
Project("{FAE04EC0-301F-11D3-BF4B-00C04F79EFBC}") = "BallApp", "Sample\BallApp\BallApp.csproj", "{66208180-D542-4FE0-B993-2A3802DAD347}"
EndProject
Project("{2150E333-8FDC-42A3-9474-1A3956D46DE8}") = "Chapter01", "Chapter01", "{4D3505FE-3DEA-4494-AFBD-66DA6329B696}"
EndProject
Project("{FAE04EC0-301F-11D3-BF4B-00C04F79EFBC}") = "ProductSample", "Chapter01\Product\ProductSample.csproj", "{CAE27637-6BCF-4B90-94E6-04244CB70781}"
EndProject
Project("{2150E333-8FDC-42A3-9474-1A3956D46DE8}") = "Chapter02", "Chapter02", "{8B4497BA-7573-4C48-B233-F9C7E79F1102}"
EndProject
Project("{2150E333-8FDC-42A3-9474-1A3956D46DE8}") = "距離換算プログラム", "距離換算プログラム", "{D9A23AAA-E262-4542-A467-DA5A686FAB93}"
EndProject
Project("{FAE04EC0-301F-11D3-BF4B-00C04F79EFBC}") = "DistanceConverter", "Chapter02\距離換算プログラム\DistanceConverter\DistanceConverter.csproj", "{D82A4216-F29E-4020-9FEB-B5724F7995EC}"
EndProject
Project("{2150E333-8FDC-42A3-9474-1A3956D46DE8}") = "売り上げ集計プログラム", "売り上げ集計プログラム", "{23D6DD41-5C1B-40D0-B3F9-04DF39F189EA}"
EndProject
Project("{FAE04EC0-301F-11D3-BF4B-00C04F79EFBC}") = "SalesCalculator", "Chapter02\売り上げ集計プログラム\SalesCalculator\SalesCalculator.csproj", "{C36D1847-7094-40E3-92BA-BC6F1B34B88A}"
EndProject
Project("{2150E333-8FDC-42A3-9474-1A3956D46DE8}") = "演習問題", "演習問題", "{71D43A31-C0D2-44CD-B851-5DCBB36CC992}"
EndProject
Project("{FAE04EC0-301F-11D3-BF4B-00C04F79EFBC}") = "Exercise01", "Chapter02\演習問題\Exercise01\Exercise01.csproj", "{77F8E068-C0FF-4DA4-A232-AC90349C2925}"
EndProject
Project("{FAE04EC0-301F-11D3-BF4B-00C04F79EFBC}") = "Exercise02", "Chapter02\演習問題\Exercise02\Exercise02.csproj", "{AB69BE89-F0B2-454E-B7D7-3A445D5FE412}"
EndProject
Project("{FAE04EC0-301F-11D3-BF4B-00C04F79EFBC}") = "Exercise03", "Chapter02\演習問題\Exercise03\Exercise03.csproj", "{F1038A3C-C80B-41FD-8495-4359AED782FA}"
EndProject
Project("{2150E333-8FDC-42A3-9474-1A3956D46DE8}") = "Chapter03", "Chapter03", "{B4EBC4A5-B937-44CB-B50E-2346E74C0686}"
EndProject
Project("{FAE04EC0-301F-11D3-BF4B-00C04F79EFBC}") = "Section01", "Chapter03\Section01\Section01.csproj", "{84E7235C-B94E-4FA2-AC4C-0C93487CF686}"
EndProject
Project("{FAE04EC0-301F-11D3-BF4B-00C04F79EFBC}") = "Section03", "Chapter03\Section03\Section03.csproj", "{09A3574F-7F00-4466-B11A-122CDD1FE2C3}"
EndProject
Project("{FAE04EC0-301F-11D3-BF4B-00C04F79EFBC}") = "Section04", "Chapter03\Section04\Section04.csproj", "{1C070345-BCB2-462C-8CD9-DCBA8FF537E3}"
EndProject
Project("{2150E333-8FDC-42A3-9474-1A3956D46DE8}") = "演習問題", "演習問題", "{26BFBA2F-71D8-469E-8071-4177BDF64BFB}"
EndProject
Project("{FAE04EC0-301F-11D3-BF4B-00C04F79EFBC}") = "Exercise01", "Chapter03\演習問題\Exercise01\Exercise01.csproj", "{2738ABD0-9DA9-44A2-8680-C874E9844F1D}"
EndProject
Project("{FAE04EC0-301F-11D3-BF4B-00C04F79EFBC}") = "Exercise02", "Chapter03\演習問題\Exercise02\Exercise02.csproj", "{4D6F9F98-57D3-4D54-8F33-74E47DDC8641}"
EndProject
Project("{2150E333-8FDC-42A3-9474-1A3956D46DE8}") = "chapter04", "chapter04", "{423E5FB1-7580-4E3D-AC07-C338DA716A5C}"
EndProject
Project("{2150E333-8FDC-42A3-9474-1A3956D46DE8}") = "P115_条件演算子・null合体演算子", "P115_条件演算子・null合体演算子", "{BD94331C-C660-4051-9724-0D0D0EB5B399}"
EndProject
Project("{FAE04EC0-301F-11D3-BF4B-00C04F79EFBC}") = "Section04", "Chapter04\条件演算子・null合体演算子\Section04\Section04.csproj", "{279D3B73-7690-4753-BFBD-CECCC2FBD786}"
EndProject
Project("{2150E333-8FDC-42A3-9474-1A3956D46DE8}") = "P126_TryParse", "P126_TryParse", "{5122336C-FA02-4856-B60E-F49A3FA0EC50}"
EndProject
Project("{FAE04EC0-301F-11D3-BF4B-00C04F79EFBC}") = "Section07", "Chapter04\TryParse\Section07\Section07.csproj", "{3715064B-66FE-4ED5-80E7-38507DA7B723}"
EndProject
Project("{2150E333-8FDC-42A3-9474-1A3956D46DE8}") = "演習問題", "演習問題", "{C5F9C2F0-37A1-4CAE-943C-86DF9EB74163}"
EndProject
Project("{FAE04EC0-301F-11D3-BF4B-00C04F79EFBC}") = "Exercise01", "Chapter04\演習問題\Exercise01\Exercise01.csproj", "{7BF6EB2E-5F41-49DA-AD88-331F4DAD7240}"
EndProject
Project("{FAE04EC0-301F-11D3-BF4B-00C04F79EFBC}") = "Exercise02", "Chapter04\演習問題\Exercise02\Exercise02.csproj", "{04CB5137-1669-4CA1-B362-8A2D2463C6E5}"
EndProject
Project("{2150E333-8FDC-42A3-9474-1A3956D46DE8}") = "Chapter05", "Chapter05", "{7088682C-03BC-4C05-A4B0-554444F68B4C}"
EndProject
Project("{2150E333-8FDC-42A3-9474-1A3956D46DE8}") = "演習問題", "演習問題", "{71CAD4B6-1D4D-47BB-AAB8-0B241831F3B4}"
EndProject
Project("{FAE04EC0-301F-11D3-BF4B-00C04F79EFBC}") = "Exercise01", "Chapter05\演習問題\Exercise01\Exercise01.csproj", "{AC801F5D-9B26-40D5-9291-C6D0A52F3FED}"
EndProject
Project("{FAE04EC0-301F-11D3-BF4B-00C04F79EFBC}") = "Exercise02", "Chapter05\演習問題\Exercise02\Exercise02.csproj", "{A1FC34B4-F0F5-4969-9FCF-E5FB21141E95}"
EndProject
Project("{FAE04EC0-301F-11D3-BF4B-00C04F79EFBC}") = "Exercise03", "Chapter05\演習問題\Exercise03\Exercise03\Exercise03.csproj", "{E2AE852A-467B-4AD8-98C4-FA83D5CE951A}"
EndProject
Project("{FAE04EC0-301F-11D3-BF4B-00C04F79EFBC}") = "Exercise04", "Chapter05\演習問題\Exercise04\Exercise04\Exercise04.csproj", "{00062A18-92A9-40EA-8E2B-FB892BECB449}"
EndProject
Project("{2150E333-8FDC-42A3-9474-1A3956D46DE8}") = "Chapter06", "Chapter06", "{B6401AEC-574C-4CAA-BA0E-7709FA0A4E32}"
EndProject
Project("{FAE04EC0-301F-11D3-BF4B-00C04F79EFBC}") = "Section01", "Chapter06\Section01\Section01.csproj", "{F4EA0402-4F9F-4EF5-A9BB-36598CB96DF1}"
EndProject
Project("{FAE04EC0-301F-11D3-BF4B-00C04F79EFBC}") = "Section02", "Chapter06\Section02\Section02.csproj", "{C195FB89-0E51-4FB8-9FBD-E07230138B2A}"
EndProject
Project("{2150E333-8FDC-42A3-9474-1A3956D46DE8}") = "演習問題", "演習問題", "{D4B46EC0-1620-4709-A229-6341DBE7A0BE}"
EndProject
Project("{FAE04EC0-301F-11D3-BF4B-00C04F79EFBC}") = "Exercise01", "Chapter06\演習問題\Exercise01\Exercise01.csproj", "{D4638BAF-BD7D-4F21-8F4C-200C2D2E531F}"
EndProject
Project("{FAE04EC0-301F-11D3-BF4B-00C04F79EFBC}") = "Exercise02", "Chapter06\演習問題\Exercise02\Exercise02.csproj", "{3784126E-4A45-40D7-A2A0-59B06FDAA6D1}"
EndProject
Project("{2150E333-8FDC-42A3-9474-1A3956D46DE8}") = "試験01", "試験01", "{5CCF854C-AD56-469C-B68E-A71C985399F8}"
EndProject
Project("{FAE04EC0-301F-11D3-BF4B-00C04F79EFBC}") = "Test01", "TestProject\Test01\Test01.csproj", "{2BFACDC3-F44D-4199-8498-F5C3C4AC0335}"
EndProject
Project("{FAE04EC0-301F-11D3-BF4B-00C04F79EFBC}") = "Test02", "TestProject\Test02\Test02.csproj", "{E461C0A8-8900-485C-B520-E929BA33F712}"
EndProject
Project("{2150E333-8FDC-42A3-9474-1A3956D46DE8}") = "Chapter07", "Chapter07", "{714E3E47-15D0-49C9-8971-51FC8173F363}"
EndProject
Project("{FAE04EC0-301F-11D3-BF4B-00C04F79EFBC}") = "Section01", "Chapter07\Section01\Section01.csproj", "{26889AAD-3D61-4E45-925D-52E50EC39E2C}"
EndProject
Project("{FAE04EC0-301F-11D3-BF4B-00C04F79EFBC}") = "Section02", "Chapter07\Section02\Section02.csproj", "{CBB4ED8B-2239-4DCC-BA06-C95C0783BFCC}"
EndProject
Project("{FAE04EC0-301F-11D3-BF4B-00C04F79EFBC}") = "Section03", "Chapter07\Section03\Section03.csproj", "{FA3FC5E6-23C0-4D30-AF41-627AFF9A5CD5}"
EndProject
Global
	GlobalSection(SolutionConfigurationPlatforms) = preSolution
		Debug|Any CPU = Debug|Any CPU
		Release|Any CPU = Release|Any CPU
	EndGlobalSection
	GlobalSection(ProjectConfigurationPlatforms) = postSolution
		{B4E6D15A-019A-45F0-B78A-E9B789028599}.Debug|Any CPU.ActiveCfg = Debug|Any CPU
		{B4E6D15A-019A-45F0-B78A-E9B789028599}.Debug|Any CPU.Build.0 = Debug|Any CPU
		{B4E6D15A-019A-45F0-B78A-E9B789028599}.Release|Any CPU.ActiveCfg = Release|Any CPU
		{B4E6D15A-019A-45F0-B78A-E9B789028599}.Release|Any CPU.Build.0 = Release|Any CPU
		{F3B46312-6626-4AEB-824F-F2BA808C82B1}.Debug|Any CPU.ActiveCfg = Debug|Any CPU
		{F3B46312-6626-4AEB-824F-F2BA808C82B1}.Debug|Any CPU.Build.0 = Debug|Any CPU
		{F3B46312-6626-4AEB-824F-F2BA808C82B1}.Release|Any CPU.ActiveCfg = Release|Any CPU
		{F3B46312-6626-4AEB-824F-F2BA808C82B1}.Release|Any CPU.Build.0 = Release|Any CPU
		{66208180-D542-4FE0-B993-2A3802DAD347}.Debug|Any CPU.ActiveCfg = Debug|Any CPU
		{66208180-D542-4FE0-B993-2A3802DAD347}.Debug|Any CPU.Build.0 = Debug|Any CPU
		{66208180-D542-4FE0-B993-2A3802DAD347}.Release|Any CPU.ActiveCfg = Release|Any CPU
		{66208180-D542-4FE0-B993-2A3802DAD347}.Release|Any CPU.Build.0 = Release|Any CPU
		{CAE27637-6BCF-4B90-94E6-04244CB70781}.Debug|Any CPU.ActiveCfg = Debug|Any CPU
		{CAE27637-6BCF-4B90-94E6-04244CB70781}.Debug|Any CPU.Build.0 = Debug|Any CPU
		{CAE27637-6BCF-4B90-94E6-04244CB70781}.Release|Any CPU.ActiveCfg = Release|Any CPU
		{CAE27637-6BCF-4B90-94E6-04244CB70781}.Release|Any CPU.Build.0 = Release|Any CPU
		{D82A4216-F29E-4020-9FEB-B5724F7995EC}.Debug|Any CPU.ActiveCfg = Debug|Any CPU
		{D82A4216-F29E-4020-9FEB-B5724F7995EC}.Debug|Any CPU.Build.0 = Debug|Any CPU
		{D82A4216-F29E-4020-9FEB-B5724F7995EC}.Release|Any CPU.ActiveCfg = Release|Any CPU
		{D82A4216-F29E-4020-9FEB-B5724F7995EC}.Release|Any CPU.Build.0 = Release|Any CPU
		{C36D1847-7094-40E3-92BA-BC6F1B34B88A}.Debug|Any CPU.ActiveCfg = Debug|Any CPU
		{C36D1847-7094-40E3-92BA-BC6F1B34B88A}.Debug|Any CPU.Build.0 = Debug|Any CPU
		{C36D1847-7094-40E3-92BA-BC6F1B34B88A}.Release|Any CPU.ActiveCfg = Release|Any CPU
		{C36D1847-7094-40E3-92BA-BC6F1B34B88A}.Release|Any CPU.Build.0 = Release|Any CPU
		{77F8E068-C0FF-4DA4-A232-AC90349C2925}.Debug|Any CPU.ActiveCfg = Debug|Any CPU
		{77F8E068-C0FF-4DA4-A232-AC90349C2925}.Debug|Any CPU.Build.0 = Debug|Any CPU
		{77F8E068-C0FF-4DA4-A232-AC90349C2925}.Release|Any CPU.ActiveCfg = Release|Any CPU
		{77F8E068-C0FF-4DA4-A232-AC90349C2925}.Release|Any CPU.Build.0 = Release|Any CPU
		{AB69BE89-F0B2-454E-B7D7-3A445D5FE412}.Debug|Any CPU.ActiveCfg = Debug|Any CPU
		{AB69BE89-F0B2-454E-B7D7-3A445D5FE412}.Debug|Any CPU.Build.0 = Debug|Any CPU
		{AB69BE89-F0B2-454E-B7D7-3A445D5FE412}.Release|Any CPU.ActiveCfg = Release|Any CPU
		{AB69BE89-F0B2-454E-B7D7-3A445D5FE412}.Release|Any CPU.Build.0 = Release|Any CPU
		{F1038A3C-C80B-41FD-8495-4359AED782FA}.Debug|Any CPU.ActiveCfg = Debug|Any CPU
		{F1038A3C-C80B-41FD-8495-4359AED782FA}.Debug|Any CPU.Build.0 = Debug|Any CPU
		{F1038A3C-C80B-41FD-8495-4359AED782FA}.Release|Any CPU.ActiveCfg = Release|Any CPU
		{F1038A3C-C80B-41FD-8495-4359AED782FA}.Release|Any CPU.Build.0 = Release|Any CPU
		{84E7235C-B94E-4FA2-AC4C-0C93487CF686}.Debug|Any CPU.ActiveCfg = Debug|Any CPU
		{84E7235C-B94E-4FA2-AC4C-0C93487CF686}.Debug|Any CPU.Build.0 = Debug|Any CPU
		{84E7235C-B94E-4FA2-AC4C-0C93487CF686}.Release|Any CPU.ActiveCfg = Release|Any CPU
		{84E7235C-B94E-4FA2-AC4C-0C93487CF686}.Release|Any CPU.Build.0 = Release|Any CPU
		{09A3574F-7F00-4466-B11A-122CDD1FE2C3}.Debug|Any CPU.ActiveCfg = Debug|Any CPU
		{09A3574F-7F00-4466-B11A-122CDD1FE2C3}.Debug|Any CPU.Build.0 = Debug|Any CPU
		{09A3574F-7F00-4466-B11A-122CDD1FE2C3}.Release|Any CPU.ActiveCfg = Release|Any CPU
		{09A3574F-7F00-4466-B11A-122CDD1FE2C3}.Release|Any CPU.Build.0 = Release|Any CPU
		{1C070345-BCB2-462C-8CD9-DCBA8FF537E3}.Debug|Any CPU.ActiveCfg = Debug|Any CPU
		{1C070345-BCB2-462C-8CD9-DCBA8FF537E3}.Debug|Any CPU.Build.0 = Debug|Any CPU
		{1C070345-BCB2-462C-8CD9-DCBA8FF537E3}.Release|Any CPU.ActiveCfg = Release|Any CPU
		{1C070345-BCB2-462C-8CD9-DCBA8FF537E3}.Release|Any CPU.Build.0 = Release|Any CPU
		{2738ABD0-9DA9-44A2-8680-C874E9844F1D}.Debug|Any CPU.ActiveCfg = Debug|Any CPU
		{2738ABD0-9DA9-44A2-8680-C874E9844F1D}.Debug|Any CPU.Build.0 = Debug|Any CPU
		{2738ABD0-9DA9-44A2-8680-C874E9844F1D}.Release|Any CPU.ActiveCfg = Release|Any CPU
		{2738ABD0-9DA9-44A2-8680-C874E9844F1D}.Release|Any CPU.Build.0 = Release|Any CPU
		{4D6F9F98-57D3-4D54-8F33-74E47DDC8641}.Debug|Any CPU.ActiveCfg = Debug|Any CPU
		{4D6F9F98-57D3-4D54-8F33-74E47DDC8641}.Debug|Any CPU.Build.0 = Debug|Any CPU
		{4D6F9F98-57D3-4D54-8F33-74E47DDC8641}.Release|Any CPU.ActiveCfg = Release|Any CPU
		{4D6F9F98-57D3-4D54-8F33-74E47DDC8641}.Release|Any CPU.Build.0 = Release|Any CPU
		{279D3B73-7690-4753-BFBD-CECCC2FBD786}.Debug|Any CPU.ActiveCfg = Debug|Any CPU
		{279D3B73-7690-4753-BFBD-CECCC2FBD786}.Debug|Any CPU.Build.0 = Debug|Any CPU
		{279D3B73-7690-4753-BFBD-CECCC2FBD786}.Release|Any CPU.ActiveCfg = Release|Any CPU
		{279D3B73-7690-4753-BFBD-CECCC2FBD786}.Release|Any CPU.Build.0 = Release|Any CPU
		{3715064B-66FE-4ED5-80E7-38507DA7B723}.Debug|Any CPU.ActiveCfg = Debug|Any CPU
		{3715064B-66FE-4ED5-80E7-38507DA7B723}.Debug|Any CPU.Build.0 = Debug|Any CPU
		{3715064B-66FE-4ED5-80E7-38507DA7B723}.Release|Any CPU.ActiveCfg = Release|Any CPU
		{3715064B-66FE-4ED5-80E7-38507DA7B723}.Release|Any CPU.Build.0 = Release|Any CPU
		{7BF6EB2E-5F41-49DA-AD88-331F4DAD7240}.Debug|Any CPU.ActiveCfg = Debug|Any CPU
		{7BF6EB2E-5F41-49DA-AD88-331F4DAD7240}.Debug|Any CPU.Build.0 = Debug|Any CPU
		{7BF6EB2E-5F41-49DA-AD88-331F4DAD7240}.Release|Any CPU.ActiveCfg = Release|Any CPU
		{7BF6EB2E-5F41-49DA-AD88-331F4DAD7240}.Release|Any CPU.Build.0 = Release|Any CPU
		{04CB5137-1669-4CA1-B362-8A2D2463C6E5}.Debug|Any CPU.ActiveCfg = Debug|Any CPU
		{04CB5137-1669-4CA1-B362-8A2D2463C6E5}.Debug|Any CPU.Build.0 = Debug|Any CPU
		{04CB5137-1669-4CA1-B362-8A2D2463C6E5}.Release|Any CPU.ActiveCfg = Release|Any CPU
		{04CB5137-1669-4CA1-B362-8A2D2463C6E5}.Release|Any CPU.Build.0 = Release|Any CPU
		{AC801F5D-9B26-40D5-9291-C6D0A52F3FED}.Debug|Any CPU.ActiveCfg = Debug|Any CPU
		{AC801F5D-9B26-40D5-9291-C6D0A52F3FED}.Debug|Any CPU.Build.0 = Debug|Any CPU
		{AC801F5D-9B26-40D5-9291-C6D0A52F3FED}.Release|Any CPU.ActiveCfg = Release|Any CPU
		{AC801F5D-9B26-40D5-9291-C6D0A52F3FED}.Release|Any CPU.Build.0 = Release|Any CPU
		{A1FC34B4-F0F5-4969-9FCF-E5FB21141E95}.Debug|Any CPU.ActiveCfg = Debug|Any CPU
		{A1FC34B4-F0F5-4969-9FCF-E5FB21141E95}.Debug|Any CPU.Build.0 = Debug|Any CPU
		{A1FC34B4-F0F5-4969-9FCF-E5FB21141E95}.Release|Any CPU.ActiveCfg = Release|Any CPU
		{A1FC34B4-F0F5-4969-9FCF-E5FB21141E95}.Release|Any CPU.Build.0 = Release|Any CPU
		{E2AE852A-467B-4AD8-98C4-FA83D5CE951A}.Debug|Any CPU.ActiveCfg = Debug|Any CPU
		{E2AE852A-467B-4AD8-98C4-FA83D5CE951A}.Debug|Any CPU.Build.0 = Debug|Any CPU
		{E2AE852A-467B-4AD8-98C4-FA83D5CE951A}.Release|Any CPU.ActiveCfg = Release|Any CPU
		{E2AE852A-467B-4AD8-98C4-FA83D5CE951A}.Release|Any CPU.Build.0 = Release|Any CPU
		{00062A18-92A9-40EA-8E2B-FB892BECB449}.Debug|Any CPU.ActiveCfg = Debug|Any CPU
		{00062A18-92A9-40EA-8E2B-FB892BECB449}.Debug|Any CPU.Build.0 = Debug|Any CPU
		{00062A18-92A9-40EA-8E2B-FB892BECB449}.Release|Any CPU.ActiveCfg = Release|Any CPU
		{00062A18-92A9-40EA-8E2B-FB892BECB449}.Release|Any CPU.Build.0 = Release|Any CPU
		{F4EA0402-4F9F-4EF5-A9BB-36598CB96DF1}.Debug|Any CPU.ActiveCfg = Debug|Any CPU
		{F4EA0402-4F9F-4EF5-A9BB-36598CB96DF1}.Debug|Any CPU.Build.0 = Debug|Any CPU
		{F4EA0402-4F9F-4EF5-A9BB-36598CB96DF1}.Release|Any CPU.ActiveCfg = Release|Any CPU
		{F4EA0402-4F9F-4EF5-A9BB-36598CB96DF1}.Release|Any CPU.Build.0 = Release|Any CPU
		{C195FB89-0E51-4FB8-9FBD-E07230138B2A}.Debug|Any CPU.ActiveCfg = Debug|Any CPU
		{C195FB89-0E51-4FB8-9FBD-E07230138B2A}.Debug|Any CPU.Build.0 = Debug|Any CPU
		{C195FB89-0E51-4FB8-9FBD-E07230138B2A}.Release|Any CPU.ActiveCfg = Release|Any CPU
		{C195FB89-0E51-4FB8-9FBD-E07230138B2A}.Release|Any CPU.Build.0 = Release|Any CPU
		{D4638BAF-BD7D-4F21-8F4C-200C2D2E531F}.Debug|Any CPU.ActiveCfg = Debug|Any CPU
		{D4638BAF-BD7D-4F21-8F4C-200C2D2E531F}.Debug|Any CPU.Build.0 = Debug|Any CPU
		{D4638BAF-BD7D-4F21-8F4C-200C2D2E531F}.Release|Any CPU.ActiveCfg = Release|Any CPU
		{D4638BAF-BD7D-4F21-8F4C-200C2D2E531F}.Release|Any CPU.Build.0 = Release|Any CPU
		{3784126E-4A45-40D7-A2A0-59B06FDAA6D1}.Debug|Any CPU.ActiveCfg = Debug|Any CPU
		{3784126E-4A45-40D7-A2A0-59B06FDAA6D1}.Debug|Any CPU.Build.0 = Debug|Any CPU
		{3784126E-4A45-40D7-A2A0-59B06FDAA6D1}.Release|Any CPU.ActiveCfg = Release|Any CPU
		{3784126E-4A45-40D7-A2A0-59B06FDAA6D1}.Release|Any CPU.Build.0 = Release|Any CPU
		{2BFACDC3-F44D-4199-8498-F5C3C4AC0335}.Debug|Any CPU.ActiveCfg = Debug|Any CPU
		{2BFACDC3-F44D-4199-8498-F5C3C4AC0335}.Debug|Any CPU.Build.0 = Debug|Any CPU
		{2BFACDC3-F44D-4199-8498-F5C3C4AC0335}.Release|Any CPU.ActiveCfg = Release|Any CPU
		{2BFACDC3-F44D-4199-8498-F5C3C4AC0335}.Release|Any CPU.Build.0 = Release|Any CPU
		{E461C0A8-8900-485C-B520-E929BA33F712}.Debug|Any CPU.ActiveCfg = Debug|Any CPU
		{E461C0A8-8900-485C-B520-E929BA33F712}.Debug|Any CPU.Build.0 = Debug|Any CPU
		{E461C0A8-8900-485C-B520-E929BA33F712}.Release|Any CPU.ActiveCfg = Release|Any CPU
		{E461C0A8-8900-485C-B520-E929BA33F712}.Release|Any CPU.Build.0 = Release|Any CPU
		{26889AAD-3D61-4E45-925D-52E50EC39E2C}.Debug|Any CPU.ActiveCfg = Debug|Any CPU
		{26889AAD-3D61-4E45-925D-52E50EC39E2C}.Debug|Any CPU.Build.0 = Debug|Any CPU
		{26889AAD-3D61-4E45-925D-52E50EC39E2C}.Release|Any CPU.ActiveCfg = Release|Any CPU
		{26889AAD-3D61-4E45-925D-52E50EC39E2C}.Release|Any CPU.Build.0 = Release|Any CPU
		{CBB4ED8B-2239-4DCC-BA06-C95C0783BFCC}.Debug|Any CPU.ActiveCfg = Debug|Any CPU
		{CBB4ED8B-2239-4DCC-BA06-C95C0783BFCC}.Debug|Any CPU.Build.0 = Debug|Any CPU
		{CBB4ED8B-2239-4DCC-BA06-C95C0783BFCC}.Release|Any CPU.ActiveCfg = Release|Any CPU
		{CBB4ED8B-2239-4DCC-BA06-C95C0783BFCC}.Release|Any CPU.Build.0 = Release|Any CPU
		{FA3FC5E6-23C0-4D30-AF41-627AFF9A5CD5}.Debug|Any CPU.ActiveCfg = Debug|Any CPU
		{FA3FC5E6-23C0-4D30-AF41-627AFF9A5CD5}.Debug|Any CPU.Build.0 = Debug|Any CPU
		{FA3FC5E6-23C0-4D30-AF41-627AFF9A5CD5}.Release|Any CPU.ActiveCfg = Release|Any CPU
		{FA3FC5E6-23C0-4D30-AF41-627AFF9A5CD5}.Release|Any CPU.Build.0 = Release|Any CPU
	EndGlobalSection
	GlobalSection(SolutionProperties) = preSolution
		HideSolutionNode = FALSE
	EndGlobalSection
	GlobalSection(NestedProjects) = preSolution
		{B4E6D15A-019A-45F0-B78A-E9B789028599} = {759B0C3D-93A7-4449-B7AC-517EF6095EFA}
		{F3B46312-6626-4AEB-824F-F2BA808C82B1} = {759B0C3D-93A7-4449-B7AC-517EF6095EFA}
		{66208180-D542-4FE0-B993-2A3802DAD347} = {759B0C3D-93A7-4449-B7AC-517EF6095EFA}
		{CAE27637-6BCF-4B90-94E6-04244CB70781} = {4D3505FE-3DEA-4494-AFBD-66DA6329B696}
		{D9A23AAA-E262-4542-A467-DA5A686FAB93} = {8B4497BA-7573-4C48-B233-F9C7E79F1102}
		{D82A4216-F29E-4020-9FEB-B5724F7995EC} = {D9A23AAA-E262-4542-A467-DA5A686FAB93}
		{23D6DD41-5C1B-40D0-B3F9-04DF39F189EA} = {8B4497BA-7573-4C48-B233-F9C7E79F1102}
		{C36D1847-7094-40E3-92BA-BC6F1B34B88A} = {23D6DD41-5C1B-40D0-B3F9-04DF39F189EA}
		{71D43A31-C0D2-44CD-B851-5DCBB36CC992} = {8B4497BA-7573-4C48-B233-F9C7E79F1102}
		{77F8E068-C0FF-4DA4-A232-AC90349C2925} = {71D43A31-C0D2-44CD-B851-5DCBB36CC992}
		{AB69BE89-F0B2-454E-B7D7-3A445D5FE412} = {71D43A31-C0D2-44CD-B851-5DCBB36CC992}
		{F1038A3C-C80B-41FD-8495-4359AED782FA} = {71D43A31-C0D2-44CD-B851-5DCBB36CC992}
		{84E7235C-B94E-4FA2-AC4C-0C93487CF686} = {B4EBC4A5-B937-44CB-B50E-2346E74C0686}
		{09A3574F-7F00-4466-B11A-122CDD1FE2C3} = {B4EBC4A5-B937-44CB-B50E-2346E74C0686}
		{1C070345-BCB2-462C-8CD9-DCBA8FF537E3} = {B4EBC4A5-B937-44CB-B50E-2346E74C0686}
		{26BFBA2F-71D8-469E-8071-4177BDF64BFB} = {B4EBC4A5-B937-44CB-B50E-2346E74C0686}
		{2738ABD0-9DA9-44A2-8680-C874E9844F1D} = {26BFBA2F-71D8-469E-8071-4177BDF64BFB}
		{4D6F9F98-57D3-4D54-8F33-74E47DDC8641} = {26BFBA2F-71D8-469E-8071-4177BDF64BFB}
		{BD94331C-C660-4051-9724-0D0D0EB5B399} = {423E5FB1-7580-4E3D-AC07-C338DA716A5C}
		{279D3B73-7690-4753-BFBD-CECCC2FBD786} = {BD94331C-C660-4051-9724-0D0D0EB5B399}
		{5122336C-FA02-4856-B60E-F49A3FA0EC50} = {423E5FB1-7580-4E3D-AC07-C338DA716A5C}
		{3715064B-66FE-4ED5-80E7-38507DA7B723} = {5122336C-FA02-4856-B60E-F49A3FA0EC50}
		{C5F9C2F0-37A1-4CAE-943C-86DF9EB74163} = {423E5FB1-7580-4E3D-AC07-C338DA716A5C}
		{7BF6EB2E-5F41-49DA-AD88-331F4DAD7240} = {C5F9C2F0-37A1-4CAE-943C-86DF9EB74163}
		{04CB5137-1669-4CA1-B362-8A2D2463C6E5} = {C5F9C2F0-37A1-4CAE-943C-86DF9EB74163}
		{71CAD4B6-1D4D-47BB-AAB8-0B241831F3B4} = {7088682C-03BC-4C05-A4B0-554444F68B4C}
		{AC801F5D-9B26-40D5-9291-C6D0A52F3FED} = {71CAD4B6-1D4D-47BB-AAB8-0B241831F3B4}
		{A1FC34B4-F0F5-4969-9FCF-E5FB21141E95} = {71CAD4B6-1D4D-47BB-AAB8-0B241831F3B4}
		{E2AE852A-467B-4AD8-98C4-FA83D5CE951A} = {71CAD4B6-1D4D-47BB-AAB8-0B241831F3B4}
		{00062A18-92A9-40EA-8E2B-FB892BECB449} = {71CAD4B6-1D4D-47BB-AAB8-0B241831F3B4}
		{F4EA0402-4F9F-4EF5-A9BB-36598CB96DF1} = {B6401AEC-574C-4CAA-BA0E-7709FA0A4E32}
		{C195FB89-0E51-4FB8-9FBD-E07230138B2A} = {B6401AEC-574C-4CAA-BA0E-7709FA0A4E32}
		{D4B46EC0-1620-4709-A229-6341DBE7A0BE} = {B6401AEC-574C-4CAA-BA0E-7709FA0A4E32}
		{D4638BAF-BD7D-4F21-8F4C-200C2D2E531F} = {D4B46EC0-1620-4709-A229-6341DBE7A0BE}
		{3784126E-4A45-40D7-A2A0-59B06FDAA6D1} = {D4B46EC0-1620-4709-A229-6341DBE7A0BE}
		{2BFACDC3-F44D-4199-8498-F5C3C4AC0335} = {5CCF854C-AD56-469C-B68E-A71C985399F8}
		{E461C0A8-8900-485C-B520-E929BA33F712} = {5CCF854C-AD56-469C-B68E-A71C985399F8}
		{26889AAD-3D61-4E45-925D-52E50EC39E2C} = {714E3E47-15D0-49C9-8971-51FC8173F363}
		{CBB4ED8B-2239-4DCC-BA06-C95C0783BFCC} = {714E3E47-15D0-49C9-8971-51FC8173F363}
		{FA3FC5E6-23C0-4D30-AF41-627AFF9A5CD5} = {714E3E47-15D0-49C9-8971-51FC8173F363}
	EndGlobalSection
	GlobalSection(ExtensibilityGlobals) = postSolution
		SolutionGuid = {97DF7828-B8F7-40CE-B548-D9A428DC1DC2}
	EndGlobalSection
EndGlobal
