
Microsoft Visual Studio Solution File, Format Version 12.00
# Visual Studio Version 16
VisualStudioVersion = 16.0.32228.343
MinimumVisualStudioVersion = 10.0.40219.1
Project("{2150E333-8FDC-42A3-9474-1A3956D46DE8}") = "Sample", "Sample", "{759B0C3D-93A7-4449-B7AC-517EF6095EFA}"
EndProject
Project("{FAE04EC0-301F-11D3-BF4B-00C04F79EFBC}") = "ConsoleApp0411", "Sample\ConsoleApp0411\ConsoleApp0411.csproj", "{B4E6D15A-019A-45F0-B78A-E9B789028599}"
EndProject
Project("{FAE04EC0-301F-11D3-BF4B-00C04F79EFBC}") = "WindowsFormsApp1", "Sample\WindowsFormsApp1\WindowsFormsApp1.csproj", "{F3B46312-6626-4AEB-824F-F2BA808C82B1}"
EndProject
Project("{FAE04EC0-301F-11D3-BF4B-00C04F79EFBC}") = "BallApp", "Sample\BallApp\BallApp.csproj", "{66208180-D542-4FE0-B993-2A3802DAD347}"
EndProject
Project("{2150E333-8FDC-42A3-9474-1A3956D46DE8}") = "Chapter01", "Chapter01", "{4D3505FE-3DEA-4494-AFBD-66DA6329B696}"
EndProject
Project("{FAE04EC0-301F-11D3-BF4B-00C04F79EFBC}") = "ProductSample", "Chapter01\Product\ProductSample.csproj", "{CAE27637-6BCF-4B90-94E6-04244CB70781}"
EndProject
Project("{2150E333-8FDC-42A3-9474-1A3956D46DE8}") = "Chapter02", "Chapter02", "{8B4497BA-7573-4C48-B233-F9C7E79F1102}"
EndProject
Project("{2150E333-8FDC-42A3-9474-1A3956D46DE8}") = "距離換算プログラム", "距離換算プログラム", "{D9A23AAA-E262-4542-A467-DA5A686FAB93}"
EndProject
Project("{FAE04EC0-301F-11D3-BF4B-00C04F79EFBC}") = "DistanceConverter", "Chapter02\距離換算プログラム\DistanceConverter\DistanceConverter.csproj", "{D82A4216-F29E-4020-9FEB-B5724F7995EC}"
EndProject
Project("{2150E333-8FDC-42A3-9474-1A3956D46DE8}") = "売り上げ集計プログラム", "売り上げ集計プログラム", "{23D6DD41-5C1B-40D0-B3F9-04DF39F189EA}"
EndProject
Project("{FAE04EC0-301F-11D3-BF4B-00C04F79EFBC}") = "SalesCalculator", "Chapter02\売り上げ集計プログラム\SalesCalculator\SalesCalculator.csproj", "{C36D1847-7094-40E3-92BA-BC6F1B34B88A}"
EndProject
Global
	GlobalSection(SolutionConfigurationPlatforms) = preSolution
		Debug|Any CPU = Debug|Any CPU
		Release|Any CPU = Release|Any CPU
	EndGlobalSection
	GlobalSection(ProjectConfigurationPlatforms) = postSolution
		{B4E6D15A-019A-45F0-B78A-E9B789028599}.Debug|Any CPU.ActiveCfg = Debug|Any CPU
		{B4E6D15A-019A-45F0-B78A-E9B789028599}.Debug|Any CPU.Build.0 = Debug|Any CPU
		{B4E6D15A-019A-45F0-B78A-E9B789028599}.Release|Any CPU.ActiveCfg = Release|Any CPU
		{B4E6D15A-019A-45F0-B78A-E9B789028599}.Release|Any CPU.Build.0 = Release|Any CPU
		{F3B46312-6626-4AEB-824F-F2BA808C82B1}.Debug|Any CPU.ActiveCfg = Debug|Any CPU
		{F3B46312-6626-4AEB-824F-F2BA808C82B1}.Debug|Any CPU.Build.0 = Debug|Any CPU
		{F3B46312-6626-4AEB-824F-F2BA808C82B1}.Release|Any CPU.ActiveCfg = Release|Any CPU
		{F3B46312-6626-4AEB-824F-F2BA808C82B1}.Release|Any CPU.Build.0 = Release|Any CPU
		{66208180-D542-4FE0-B993-2A3802DAD347}.Debug|Any CPU.ActiveCfg = Debug|Any CPU
		{66208180-D542-4FE0-B993-2A3802DAD347}.Debug|Any CPU.Build.0 = Debug|Any CPU
		{66208180-D542-4FE0-B993-2A3802DAD347}.Release|Any CPU.ActiveCfg = Release|Any CPU
		{66208180-D542-4FE0-B993-2A3802DAD347}.Release|Any CPU.Build.0 = Release|Any CPU
		{CAE27637-6BCF-4B90-94E6-04244CB70781}.Debug|Any CPU.ActiveCfg = Debug|Any CPU
		{CAE27637-6BCF-4B90-94E6-04244CB70781}.Debug|Any CPU.Build.0 = Debug|Any CPU
		{CAE27637-6BCF-4B90-94E6-04244CB70781}.Release|Any CPU.ActiveCfg = Release|Any CPU
		{CAE27637-6BCF-4B90-94E6-04244CB70781}.Release|Any CPU.Build.0 = Release|Any CPU
		{D82A4216-F29E-4020-9FEB-B5724F7995EC}.Debug|Any CPU.ActiveCfg = Debug|Any CPU
		{D82A4216-F29E-4020-9FEB-B5724F7995EC}.Debug|Any CPU.Build.0 = Debug|Any CPU
		{D82A4216-F29E-4020-9FEB-B5724F7995EC}.Release|Any CPU.ActiveCfg = Release|Any CPU
		{D82A4216-F29E-4020-9FEB-B5724F7995EC}.Release|Any CPU.Build.0 = Release|Any CPU
		{C36D1847-7094-40E3-92BA-BC6F1B34B88A}.Debug|Any CPU.ActiveCfg = Debug|Any CPU
		{C36D1847-7094-40E3-92BA-BC6F1B34B88A}.Debug|Any CPU.Build.0 = Debug|Any CPU
		{C36D1847-7094-40E3-92BA-BC6F1B34B88A}.Release|Any CPU.ActiveCfg = Release|Any CPU
		{C36D1847-7094-40E3-92BA-BC6F1B34B88A}.Release|Any CPU.Build.0 = Release|Any CPU
	EndGlobalSection
	GlobalSection(SolutionProperties) = preSolution
		HideSolutionNode = FALSE
	EndGlobalSection
	GlobalSection(NestedProjects) = preSolution
		{B4E6D15A-019A-45F0-B78A-E9B789028599} = {759B0C3D-93A7-4449-B7AC-517EF6095EFA}
		{F3B46312-6626-4AEB-824F-F2BA808C82B1} = {759B0C3D-93A7-4449-B7AC-517EF6095EFA}
		{66208180-D542-4FE0-B993-2A3802DAD347} = {759B0C3D-93A7-4449-B7AC-517EF6095EFA}
		{CAE27637-6BCF-4B90-94E6-04244CB70781} = {4D3505FE-3DEA-4494-AFBD-66DA6329B696}
		{D9A23AAA-E262-4542-A467-DA5A686FAB93} = {8B4497BA-7573-4C48-B233-F9C7E79F1102}
		{D82A4216-F29E-4020-9FEB-B5724F7995EC} = {D9A23AAA-E262-4542-A467-DA5A686FAB93}
		{23D6DD41-5C1B-40D0-B3F9-04DF39F189EA} = {8B4497BA-7573-4C48-B233-F9C7E79F1102}
		{C36D1847-7094-40E3-92BA-BC6F1B34B88A} = {23D6DD41-5C1B-40D0-B3F9-04DF39F189EA}
	EndGlobalSection
	GlobalSection(ExtensibilityGlobals) = postSolution
		SolutionGuid = {97DF7828-B8F7-40CE-B548-D9A428DC1DC2}
	EndGlobalSection
EndGlobal
